
Microsoft Visual Studio Solution File, Format Version 12.00
# Visual Studio Version 17
VisualStudioVersion = 17.14.36301.6
MinimumVisualStudioVersion = 10.0.40219.1
Project("{FAE04EC0-301F-11D3-BF4B-00C04F79EFBC}") = "HealthStatusService", "HealthStatusService\HealthStatusService.csproj", "{3C170F9B-DE58-4E39-915D-B782C561C742}"
EndProject
Project("{FAE04EC0-301F-11D3-BF4B-00C04F79EFBC}") = "AdminToolsConsoleApp", "AdminToolsConsoleApp\AdminToolsConsoleApp.csproj", "{11065C02-41B9-4224-92CF-DDF0C0CECA6C}"
EndProject
Project("{FAE04EC0-301F-11D3-BF4B-00C04F79EFBC}") = "NotificationService", "NotificationService\NotificationService.csproj", "{6221DE48-DD1F-4D3A-9C0F-B84F023164CD}"
EndProject
Project("{CC5FD16D-436D-48AD-A40C-5A424C6E3E79}") = "StackOverflowApp", "StackOverflowApp\StackOverflowApp.ccproj", "{1AD7604E-BE2D-480A-8D94-F60651912308}"
EndProject
Project("{FAE04EC0-301F-11D3-BF4B-00C04F79EFBC}") = "StackOverflowService_WebRole", "StackOverflowService_WebRole\StackOverflowService_WebRole.csproj", "{F15FB801-512B-402C-A0D8-DA3A033FEF5B}"
EndProject
Project("{FAE04EC0-301F-11D3-BF4B-00C04F79EFBC}") = "HealthMonitoringService_WorkerRole", "HealthMonitoringService_WorkerRole\HealthMonitoringService_WorkerRole.csproj", "{4CBFEB25-5F66-4283-8639-301BB9620AA0}"
EndProject
Project("{FAE04EC0-301F-11D3-BF4B-00C04F79EFBC}") = "Data", "Data\Data.csproj", "{BD2B1876-C965-4683-85D6-E127A93E6365}"
EndProject
Global
	GlobalSection(SolutionConfigurationPlatforms) = preSolution
		Debug|Any CPU = Debug|Any CPU
		Release|Any CPU = Release|Any CPU
	EndGlobalSection
	GlobalSection(ProjectConfigurationPlatforms) = postSolution
		{3C170F9B-DE58-4E39-915D-B782C561C742}.Debug|Any CPU.ActiveCfg = Debug|Any CPU
		{3C170F9B-DE58-4E39-915D-B782C561C742}.Debug|Any CPU.Build.0 = Debug|Any CPU
		{3C170F9B-DE58-4E39-915D-B782C561C742}.Release|Any CPU.ActiveCfg = Release|Any CPU
		{3C170F9B-DE58-4E39-915D-B782C561C742}.Release|Any CPU.Build.0 = Release|Any CPU
		{11065C02-41B9-4224-92CF-DDF0C0CECA6C}.Debug|Any CPU.ActiveCfg = Debug|Any CPU
		{11065C02-41B9-4224-92CF-DDF0C0CECA6C}.Debug|Any CPU.Build.0 = Debug|Any CPU
		{11065C02-41B9-4224-92CF-DDF0C0CECA6C}.Release|Any CPU.ActiveCfg = Release|Any CPU
		{11065C02-41B9-4224-92CF-DDF0C0CECA6C}.Release|Any CPU.Build.0 = Release|Any CPU
		{6221DE48-DD1F-4D3A-9C0F-B84F023164CD}.Debug|Any CPU.ActiveCfg = Debug|Any CPU
		{6221DE48-DD1F-4D3A-9C0F-B84F023164CD}.Debug|Any CPU.Build.0 = Debug|Any CPU
		{6221DE48-DD1F-4D3A-9C0F-B84F023164CD}.Release|Any CPU.ActiveCfg = Release|Any CPU
		{6221DE48-DD1F-4D3A-9C0F-B84F023164CD}.Release|Any CPU.Build.0 = Release|Any CPU
		{1AD7604E-BE2D-480A-8D94-F60651912308}.Debug|Any CPU.ActiveCfg = Debug|Any CPU
		{1AD7604E-BE2D-480A-8D94-F60651912308}.Debug|Any CPU.Build.0 = Debug|Any CPU
		{1AD7604E-BE2D-480A-8D94-F60651912308}.Release|Any CPU.ActiveCfg = Release|Any CPU
		{1AD7604E-BE2D-480A-8D94-F60651912308}.Release|Any CPU.Build.0 = Release|Any CPU
		{F15FB801-512B-402C-A0D8-DA3A033FEF5B}.Debug|Any CPU.ActiveCfg = Debug|Any CPU
		{F15FB801-512B-402C-A0D8-DA3A033FEF5B}.Debug|Any CPU.Build.0 = Debug|Any CPU
		{F15FB801-512B-402C-A0D8-DA3A033FEF5B}.Release|Any CPU.ActiveCfg = Release|Any CPU
		{F15FB801-512B-402C-A0D8-DA3A033FEF5B}.Release|Any CPU.Build.0 = Release|Any CPU
		{4CBFEB25-5F66-4283-8639-301BB9620AA0}.Debug|Any CPU.ActiveCfg = Debug|Any CPU
		{4CBFEB25-5F66-4283-8639-301BB9620AA0}.Debug|Any CPU.Build.0 = Debug|Any CPU
		{4CBFEB25-5F66-4283-8639-301BB9620AA0}.Release|Any CPU.ActiveCfg = Release|Any CPU
		{4CBFEB25-5F66-4283-8639-301BB9620AA0}.Release|Any CPU.Build.0 = Release|Any CPU
		{BD2B1876-C965-4683-85D6-E127A93E6365}.Debug|Any CPU.ActiveCfg = Debug|Any CPU
		{BD2B1876-C965-4683-85D6-E127A93E6365}.Debug|Any CPU.Build.0 = Debug|Any CPU
		{BD2B1876-C965-4683-85D6-E127A93E6365}.Release|Any CPU.ActiveCfg = Release|Any CPU
		{BD2B1876-C965-4683-85D6-E127A93E6365}.Release|Any CPU.Build.0 = Release|Any CPU
	EndGlobalSection
	GlobalSection(SolutionProperties) = preSolution
		HideSolutionNode = FALSE
	EndGlobalSection
	GlobalSection(ExtensibilityGlobals) = postSolution
		SolutionGuid = {FF3DB291-0BC4-4A7C-91FE-DC6227B624E5}
	EndGlobalSection
EndGlobal
